
Microsoft Visual Studio Solution File, Format Version 12.00
# Visual Studio 15
VisualStudioVersion = 15.0.27130.2010
MinimumVisualStudioVersion = 10.0.40219.1
Project("{FAE04EC0-301F-11D3-BF4B-00C04F79EFBC}") = "工厂模式", "工厂模式\工厂模式.csproj", "{255BDF60-CC69-492B-A836-7EA3573445B0}"
EndProject
Project("{FAE04EC0-301F-11D3-BF4B-00C04F79EFBC}") = "抽象工厂模式", "抽象工厂模式\抽象工厂模式.csproj", "{4D7BF63B-377D-450D-868F-1D3224DA6FDC}"
EndProject
Project("{FAE04EC0-301F-11D3-BF4B-00C04F79EFBC}") = "单例模式", "单例模式\单例模式.csproj", "{BA8BB6DF-CC5A-4BFF-939B-5459942AB94B}"
EndProject
Project("{FAE04EC0-301F-11D3-BF4B-00C04F79EFBC}") = "建造者模式", "建造者模式\建造者模式.csproj", "{427DA14B-DB10-45FB-BA8A-A23007F742AD}"
EndProject
Project("{FAE04EC0-301F-11D3-BF4B-00C04F79EFBC}") = "原型模式", "原型模式\原型模式.csproj", "{DC31C96D-57EE-4DB6-8810-E71B1A51BACF}"
EndProject
Project("{FAE04EC0-301F-11D3-BF4B-00C04F79EFBC}") = "适配器模式", "适配器模式\适配器模式.csproj", "{81834994-624A-47AD-96F1-9EDA1DDAD401}"
EndProject
Project("{9A19103F-16F7-4668-BE54-9A1E7A4F7556}") = "桥接模式", "桥接模式\桥接模式.csproj", "{961BF7BA-BBF5-4E21-8CD4-1D2341EA7BC1}"
EndProject
Project("{FAE04EC0-301F-11D3-BF4B-00C04F79EFBC}") = "过滤器模式", "过滤器模式\过滤器模式.csproj", "{A4ACC485-E437-41EB-A795-08437B8B5EF4}"
EndProject
Project("{FAE04EC0-301F-11D3-BF4B-00C04F79EFBC}") = "组合模式", "组合模式\组合模式.csproj", "{413D0023-57E9-4900-AB9D-9B519D4FCA8A}"
EndProject
Project("{FAE04EC0-301F-11D3-BF4B-00C04F79EFBC}") = "装饰器模式", "装饰器模式\装饰器模式.csproj", "{685951A8-6339-45E1-B9BC-E6280B67C9E6}"
EndProject
Project("{FAE04EC0-301F-11D3-BF4B-00C04F79EFBC}") = "外观模式", "外观模式\外观模式.csproj", "{D090AFAF-6096-491E-983C-AC547FDF2235}"
EndProject
Project("{FAE04EC0-301F-11D3-BF4B-00C04F79EFBC}") = "享元模式", "享元模式\享元模式.csproj", "{6F2AA531-ECD8-4CDD-AFB0-B82430A99124}"
EndProject
Project("{FAE04EC0-301F-11D3-BF4B-00C04F79EFBC}") = "代理模式", "代理模式\代理模式.csproj", "{4B068E09-E925-4C48-98C8-8001BBEDACF5}"
EndProject
Project("{FAE04EC0-301F-11D3-BF4B-00C04F79EFBC}") = "责任链模式", "责任链模式\责任链模式.csproj", "{D46655C3-D538-41E9-87ED-9F76EC1F2668}"
EndProject
Project("{FAE04EC0-301F-11D3-BF4B-00C04F79EFBC}") = "命令模式", "命令模式\命令模式.csproj", "{9072943D-B037-4CD3-B2CC-B8D6C8148BA0}"
EndProject
Project("{FAE04EC0-301F-11D3-BF4B-00C04F79EFBC}") = "解释器模式", "解释器模式\解释器模式.csproj", "{1C929873-8ABA-4928-8358-9B3352C3F15B}"
EndProject
Project("{FAE04EC0-301F-11D3-BF4B-00C04F79EFBC}") = "迭代器模式", "迭代器模式\迭代器模式.csproj", "{FCA31841-F2BA-4EE3-81FA-725F9750FD61}"
EndProject
Global
	GlobalSection(SolutionConfigurationPlatforms) = preSolution
		Debug|Any CPU = Debug|Any CPU
		Release|Any CPU = Release|Any CPU
	EndGlobalSection
	GlobalSection(ProjectConfigurationPlatforms) = postSolution
		{255BDF60-CC69-492B-A836-7EA3573445B0}.Debug|Any CPU.ActiveCfg = Debug|Any CPU
		{255BDF60-CC69-492B-A836-7EA3573445B0}.Debug|Any CPU.Build.0 = Debug|Any CPU
		{255BDF60-CC69-492B-A836-7EA3573445B0}.Release|Any CPU.ActiveCfg = Release|Any CPU
		{255BDF60-CC69-492B-A836-7EA3573445B0}.Release|Any CPU.Build.0 = Release|Any CPU
		{4D7BF63B-377D-450D-868F-1D3224DA6FDC}.Debug|Any CPU.ActiveCfg = Debug|Any CPU
		{4D7BF63B-377D-450D-868F-1D3224DA6FDC}.Debug|Any CPU.Build.0 = Debug|Any CPU
		{4D7BF63B-377D-450D-868F-1D3224DA6FDC}.Release|Any CPU.ActiveCfg = Release|Any CPU
		{4D7BF63B-377D-450D-868F-1D3224DA6FDC}.Release|Any CPU.Build.0 = Release|Any CPU
		{BA8BB6DF-CC5A-4BFF-939B-5459942AB94B}.Debug|Any CPU.ActiveCfg = Debug|Any CPU
		{BA8BB6DF-CC5A-4BFF-939B-5459942AB94B}.Debug|Any CPU.Build.0 = Debug|Any CPU
		{BA8BB6DF-CC5A-4BFF-939B-5459942AB94B}.Release|Any CPU.ActiveCfg = Release|Any CPU
		{BA8BB6DF-CC5A-4BFF-939B-5459942AB94B}.Release|Any CPU.Build.0 = Release|Any CPU
		{427DA14B-DB10-45FB-BA8A-A23007F742AD}.Debug|Any CPU.ActiveCfg = Debug|Any CPU
		{427DA14B-DB10-45FB-BA8A-A23007F742AD}.Debug|Any CPU.Build.0 = Debug|Any CPU
		{427DA14B-DB10-45FB-BA8A-A23007F742AD}.Release|Any CPU.ActiveCfg = Release|Any CPU
		{427DA14B-DB10-45FB-BA8A-A23007F742AD}.Release|Any CPU.Build.0 = Release|Any CPU
		{DC31C96D-57EE-4DB6-8810-E71B1A51BACF}.Debug|Any CPU.ActiveCfg = Debug|Any CPU
		{DC31C96D-57EE-4DB6-8810-E71B1A51BACF}.Debug|Any CPU.Build.0 = Debug|Any CPU
		{DC31C96D-57EE-4DB6-8810-E71B1A51BACF}.Release|Any CPU.ActiveCfg = Release|Any CPU
		{DC31C96D-57EE-4DB6-8810-E71B1A51BACF}.Release|Any CPU.Build.0 = Release|Any CPU
		{81834994-624A-47AD-96F1-9EDA1DDAD401}.Debug|Any CPU.ActiveCfg = Debug|Any CPU
		{81834994-624A-47AD-96F1-9EDA1DDAD401}.Debug|Any CPU.Build.0 = Debug|Any CPU
		{81834994-624A-47AD-96F1-9EDA1DDAD401}.Release|Any CPU.ActiveCfg = Release|Any CPU
		{81834994-624A-47AD-96F1-9EDA1DDAD401}.Release|Any CPU.Build.0 = Release|Any CPU
		{961BF7BA-BBF5-4E21-8CD4-1D2341EA7BC1}.Debug|Any CPU.ActiveCfg = Debug|Any CPU
		{961BF7BA-BBF5-4E21-8CD4-1D2341EA7BC1}.Debug|Any CPU.Build.0 = Debug|Any CPU
		{961BF7BA-BBF5-4E21-8CD4-1D2341EA7BC1}.Release|Any CPU.ActiveCfg = Release|Any CPU
		{961BF7BA-BBF5-4E21-8CD4-1D2341EA7BC1}.Release|Any CPU.Build.0 = Release|Any CPU
		{A4ACC485-E437-41EB-A795-08437B8B5EF4}.Debug|Any CPU.ActiveCfg = Debug|Any CPU
		{A4ACC485-E437-41EB-A795-08437B8B5EF4}.Debug|Any CPU.Build.0 = Debug|Any CPU
		{A4ACC485-E437-41EB-A795-08437B8B5EF4}.Release|Any CPU.ActiveCfg = Release|Any CPU
		{A4ACC485-E437-41EB-A795-08437B8B5EF4}.Release|Any CPU.Build.0 = Release|Any CPU
		{413D0023-57E9-4900-AB9D-9B519D4FCA8A}.Debug|Any CPU.ActiveCfg = Debug|Any CPU
		{413D0023-57E9-4900-AB9D-9B519D4FCA8A}.Debug|Any CPU.Build.0 = Debug|Any CPU
		{413D0023-57E9-4900-AB9D-9B519D4FCA8A}.Release|Any CPU.ActiveCfg = Release|Any CPU
		{413D0023-57E9-4900-AB9D-9B519D4FCA8A}.Release|Any CPU.Build.0 = Release|Any CPU
		{685951A8-6339-45E1-B9BC-E6280B67C9E6}.Debug|Any CPU.ActiveCfg = Debug|Any CPU
		{685951A8-6339-45E1-B9BC-E6280B67C9E6}.Debug|Any CPU.Build.0 = Debug|Any CPU
		{685951A8-6339-45E1-B9BC-E6280B67C9E6}.Release|Any CPU.ActiveCfg = Release|Any CPU
		{685951A8-6339-45E1-B9BC-E6280B67C9E6}.Release|Any CPU.Build.0 = Release|Any CPU
		{D090AFAF-6096-491E-983C-AC547FDF2235}.Debug|Any CPU.ActiveCfg = Debug|Any CPU
		{D090AFAF-6096-491E-983C-AC547FDF2235}.Debug|Any CPU.Build.0 = Debug|Any CPU
		{D090AFAF-6096-491E-983C-AC547FDF2235}.Release|Any CPU.ActiveCfg = Release|Any CPU
		{D090AFAF-6096-491E-983C-AC547FDF2235}.Release|Any CPU.Build.0 = Release|Any CPU
		{6F2AA531-ECD8-4CDD-AFB0-B82430A99124}.Debug|Any CPU.ActiveCfg = Debug|Any CPU
		{6F2AA531-ECD8-4CDD-AFB0-B82430A99124}.Debug|Any CPU.Build.0 = Debug|Any CPU
		{6F2AA531-ECD8-4CDD-AFB0-B82430A99124}.Release|Any CPU.ActiveCfg = Release|Any CPU
		{6F2AA531-ECD8-4CDD-AFB0-B82430A99124}.Release|Any CPU.Build.0 = Release|Any CPU
		{4B068E09-E925-4C48-98C8-8001BBEDACF5}.Debug|Any CPU.ActiveCfg = Debug|Any CPU
		{4B068E09-E925-4C48-98C8-8001BBEDACF5}.Debug|Any CPU.Build.0 = Debug|Any CPU
		{4B068E09-E925-4C48-98C8-8001BBEDACF5}.Release|Any CPU.ActiveCfg = Release|Any CPU
		{4B068E09-E925-4C48-98C8-8001BBEDACF5}.Release|Any CPU.Build.0 = Release|Any CPU
		{D46655C3-D538-41E9-87ED-9F76EC1F2668}.Debug|Any CPU.ActiveCfg = Debug|Any CPU
		{D46655C3-D538-41E9-87ED-9F76EC1F2668}.Debug|Any CPU.Build.0 = Debug|Any CPU
		{D46655C3-D538-41E9-87ED-9F76EC1F2668}.Release|Any CPU.ActiveCfg = Release|Any CPU
		{D46655C3-D538-41E9-87ED-9F76EC1F2668}.Release|Any CPU.Build.0 = Release|Any CPU
		{9072943D-B037-4CD3-B2CC-B8D6C8148BA0}.Debug|Any CPU.ActiveCfg = Debug|Any CPU
		{9072943D-B037-4CD3-B2CC-B8D6C8148BA0}.Debug|Any CPU.Build.0 = Debug|Any CPU
		{9072943D-B037-4CD3-B2CC-B8D6C8148BA0}.Release|Any CPU.ActiveCfg = Release|Any CPU
		{9072943D-B037-4CD3-B2CC-B8D6C8148BA0}.Release|Any CPU.Build.0 = Release|Any CPU
		{1C929873-8ABA-4928-8358-9B3352C3F15B}.Debug|Any CPU.ActiveCfg = Debug|Any CPU
		{1C929873-8ABA-4928-8358-9B3352C3F15B}.Debug|Any CPU.Build.0 = Debug|Any CPU
		{1C929873-8ABA-4928-8358-9B3352C3F15B}.Release|Any CPU.ActiveCfg = Release|Any CPU
		{1C929873-8ABA-4928-8358-9B3352C3F15B}.Release|Any CPU.Build.0 = Release|Any CPU
		{FCA31841-F2BA-4EE3-81FA-725F9750FD61}.Debug|Any CPU.ActiveCfg = Debug|Any CPU
		{FCA31841-F2BA-4EE3-81FA-725F9750FD61}.Debug|Any CPU.Build.0 = Debug|Any CPU
		{FCA31841-F2BA-4EE3-81FA-725F9750FD61}.Release|Any CPU.ActiveCfg = Release|Any CPU
		{FCA31841-F2BA-4EE3-81FA-725F9750FD61}.Release|Any CPU.Build.0 = Release|Any CPU
	EndGlobalSection
	GlobalSection(SolutionProperties) = preSolution
		HideSolutionNode = FALSE
	EndGlobalSection
	GlobalSection(ExtensibilityGlobals) = postSolution
		SolutionGuid = {3E533872-9959-48C9-8690-3317EBE9A0B0}
	EndGlobalSection
EndGlobal
